
Microsoft Visual Studio Solution File, Format Version 12.00
# Visual Studio Version 17
VisualStudioVersion = 17.11.35303.130
MinimumVisualStudioVersion = 10.0.40219.1
Project("{FAE04EC0-301F-11D3-BF4B-00C04F79EFBC}") = "FinancialPriceService", "FinancialPriceService.csproj", "{D6E7AA2A-CE31-48C9-9556-4997AC79B841}"
EndProject
Project("{FAE04EC0-301F-11D3-BF4B-00C04F79EFBC}") = "FinancialPriceSignalRClient", "..\FinancialPriceSignalRClient\FinancialPriceSignalRClient.csproj", "{B791793B-4E7B-4601-8DCB-5411A9EF01EF}"
EndProject
Global
	GlobalSection(SolutionConfigurationPlatforms) = preSolution
		Debug|Any CPU = Debug|Any CPU
		Release|Any CPU = Release|Any CPU
	EndGlobalSection
	GlobalSection(ProjectConfigurationPlatforms) = postSolution
		{D6E7AA2A-CE31-48C9-9556-4997AC79B841}.Debug|Any CPU.ActiveCfg = Debug|Any CPU
		{D6E7AA2A-CE31-48C9-9556-4997AC79B841}.Debug|Any CPU.Build.0 = Debug|Any CPU
		{D6E7AA2A-CE31-48C9-9556-4997AC79B841}.Release|Any CPU.ActiveCfg = Release|Any CPU
		{D6E7AA2A-CE31-48C9-9556-4997AC79B841}.Release|Any CPU.Build.0 = Release|Any CPU
		{B791793B-4E7B-4601-8DCB-5411A9EF01EF}.Debug|Any CPU.ActiveCfg = Debug|Any CPU
		{B791793B-4E7B-4601-8DCB-5411A9EF01EF}.Debug|Any CPU.Build.0 = Debug|Any CPU
		{B791793B-4E7B-4601-8DCB-5411A9EF01EF}.Release|Any CPU.ActiveCfg = Release|Any CPU
		{B791793B-4E7B-4601-8DCB-5411A9EF01EF}.Release|Any CPU.Build.0 = Release|Any CPU
	EndGlobalSection
	GlobalSection(SolutionProperties) = preSolution
		HideSolutionNode = FALSE
	EndGlobalSection
	GlobalSection(ExtensibilityGlobals) = postSolution
		SolutionGuid = {BF48CCDF-DF14-4D51-AF08-ECAA28420FF5}
	EndGlobalSection
EndGlobal
